{
  "name": "src",
  "lockfileVersion": 3,
  "requires": true,
  "packages": {
    "": {
      "dependencies": {
        "image-optim": "^3.0.0"
      }
    },
    "node_modules/image-optim": {
      "version": "3.0.0",
      "resolved": "https://registry.npmjs.org/image-optim/-/image-optim-3.0.0.tgz",
      "integrity": "sha512-SaUeBhb3lz7Z4rJ7SfCcu61ABwv+oTKA3hq/fXhedEY1HZxn3OImEyi9HAGhMTRewxqkUQnf5QUUNFtA3yJpFQ==",
      "deprecated": "This package is no longer maintained. Please use `imagemin`."
    }
  }
}
